// !$*UTF8*$!
{
	archiveVersion = 1;
	classes = {
	};
	objectVersion = 50;
	objects = {

/* Begin PBXBuildFile section */
		875BC22B216F40C80056AB9B /* NSObject+IntengineMovieData.m in Sources */ = {isa = PBXBuildFile; fileRef = 875BC22A216F40C80056AB9B /* NSObject+IntengineMovieData.m */; };
		875BC22E216F441F0056AB9B /* NSObject+IntengineMovieDoc.m in Sources */ = {isa = PBXBuildFile; fileRef = 875BC22D216F441F0056AB9B /* NSObject+IntengineMovieDoc.m */; };
		875BC230216F4B010056AB9B /* TheGodfatherThumb.jpg in Resources */ = {isa = PBXBuildFile; fileRef = 875BC22F216F4B010056AB9B /* TheGodfatherThumb.jpg */; };
		875BC232216F4B620056AB9B /* TaxiDriverThumb.jpg in Resources */ = {isa = PBXBuildFile; fileRef = 875BC231216F4B620056AB9B /* TaxiDriverThumb.jpg */; };
		875BC234216F4C180056AB9B /* TreeOfLifeThumb.jpg in Resources */ = {isa = PBXBuildFile; fileRef = 875BC233216F4C180056AB9B /* TreeOfLifeThumb.jpg */; };
		875BC236216F4F220056AB9B /* TaxiDriver.jpg in Resources */ = {isa = PBXBuildFile; fileRef = 875BC235216F4F220056AB9B /* TaxiDriver.jpg */; };
		875BC238216F4F2B0056AB9B /* TheGodfather.jpg in Resources */ = {isa = PBXBuildFile; fileRef = 875BC237216F4F2B0056AB9B /* TheGodfather.jpg */; };
		875BC23A216F4F360056AB9B /* TreeOfLife.jpg in Resources */ = {isa = PBXBuildFile; fileRef = 875BC239216F4F360056AB9B /* TreeOfLife.jpg */; };
		87CAFDA42167931700BF56FA /* AppDelegate.m in Sources */ = {isa = PBXBuildFile; fileRef = 87CAFDA32167931700BF56FA /* AppDelegate.m */; };
		87CAFDA92167931800BF56FA /* Assets.xcassets in Resources */ = {isa = PBXBuildFile; fileRef = 87CAFDA82167931800BF56FA /* Assets.xcassets */; };
		87CAFDAC2167931800BF56FA /* Main.storyboard in Resources */ = {isa = PBXBuildFile; fileRef = 87CAFDAA2167931800BF56FA /* Main.storyboard */; };
		87CAFDAF2167931800BF56FA /* main.m in Sources */ = {isa = PBXBuildFile; fileRef = 87CAFDAE2167931800BF56FA /* main.m */; };
		87CAFDBE2167968000BF56FA /* MasterViewController.m in Sources */ = {isa = PBXBuildFile; fileRef = 87CAFDBC2167968000BF56FA /* MasterViewController.m */; };
		87CAFDBF2167968000BF56FA /* MasterViewController.xib in Resources */ = {isa = PBXBuildFile; fileRef = 87CAFDBD2167968000BF56FA /* MasterViewController.xib */; };
/* End PBXBuildFile section */

/* Begin PBXFileReference section */
		875BC229216F40C80056AB9B /* NSObject+IntengineMovieData.h */ = {isa = PBXFileReference; lastKnownFileType = sourcecode.c.h; path = "NSObject+IntengineMovieData.h"; sourceTree = "<group>"; };
		875BC22A216F40C80056AB9B /* NSObject+IntengineMovieData.m */ = {isa = PBXFileReference; lastKnownFileType = sourcecode.c.objc; path = "NSObject+IntengineMovieData.m"; sourceTree = "<group>"; };
		875BC22C216F441F0056AB9B /* NSObject+IntengineMovieDoc.h */ = {isa = PBXFileReference; lastKnownFileType = sourcecode.c.h; path = "NSObject+IntengineMovieDoc.h"; sourceTree = "<group>"; };
		875BC22D216F441F0056AB9B /* NSObject+IntengineMovieDoc.m */ = {isa = PBXFileReference; lastKnownFileType = sourcecode.c.objc; path = "NSObject+IntengineMovieDoc.m"; sourceTree = "<group>"; };
		875BC22F216F4B010056AB9B /* TheGodfatherThumb.jpg */ = {isa = PBXFileReference; lastKnownFileType = image.jpeg; path = TheGodfatherThumb.jpg; sourceTree = "<group>"; };
		875BC231216F4B620056AB9B /* TaxiDriverThumb.jpg */ = {isa = PBXFileReference; lastKnownFileType = image.jpeg; path = TaxiDriverThumb.jpg; sourceTree = "<group>"; };
		875BC233216F4C180056AB9B /* TreeOfLifeThumb.jpg */ = {isa = PBXFileReference; lastKnownFileType = image.jpeg; path = TreeOfLifeThumb.jpg; sourceTree = "<group>"; };
		875BC235216F4F220056AB9B /* TaxiDriver.jpg */ = {isa = PBXFileReference; lastKnownFileType = image.jpeg; path = TaxiDriver.jpg; sourceTree = "<group>"; };
		875BC237216F4F2B0056AB9B /* TheGodfather.jpg */ = {isa = PBXFileReference; lastKnownFileType = image.jpeg; path = TheGodfather.jpg; sourceTree = "<group>"; };
		875BC239216F4F360056AB9B /* TreeOfLife.jpg */ = {isa = PBXFileReference; lastKnownFileType = image.jpeg; path = TreeOfLife.jpg; sourceTree = "<group>"; };
		87CAFD9F2167931700BF56FA /* IntengineMovieDatabase.app */ = {isa = PBXFileReference; explicitFileType = wrapper.application; includeInIndex = 0; path = IntengineMovieDatabase.app; sourceTree = BUILT_PRODUCTS_DIR; };
		87CAFDA22167931700BF56FA /* AppDelegate.h */ = {isa = PBXFileReference; lastKnownFileType = sourcecode.c.h; path = AppDelegate.h; sourceTree = "<group>"; };
		87CAFDA32167931700BF56FA /* AppDelegate.m */ = {isa = PBXFileReference; lastKnownFileType = sourcecode.c.objc; path = AppDelegate.m; sourceTree = "<group>"; };
		87CAFDA82167931800BF56FA /* Assets.xcassets */ = {isa = PBXFileReference; lastKnownFileType = folder.assetcatalog; path = Assets.xcassets; sourceTree = "<group>"; };
		87CAFDAB2167931800BF56FA /* Base */ = {isa = PBXFileReference; lastKnownFileType = file.storyboard; name = Base; path = Base.lproj/Main.storyboard; sourceTree = "<group>"; };
		87CAFDAD2167931800BF56FA /* Info.plist */ = {isa = PBXFileReference; lastKnownFileType = text.plist.xml; path = Info.plist; sourceTree = "<group>"; };
		87CAFDAE2167931800BF56FA /* main.m */ = {isa = PBXFileReference; lastKnownFileType = sourcecode.c.objc; path = main.m; sourceTree = "<group>"; };
		87CAFDB02167931800BF56FA /* IntengineMovieDatabase.entitlements */ = {isa = PBXFileReference; lastKnownFileType = text.plist.entitlements; path = IntengineMovieDatabase.entitlements; sourceTree = "<group>"; };
		87CAFDBB2167968000BF56FA /* MasterViewController.h */ = {isa = PBXFileReference; lastKnownFileType = sourcecode.c.h; path = MasterViewController.h; sourceTree = "<group>"; };
		87CAFDBC2167968000BF56FA /* MasterViewController.m */ = {isa = PBXFileReference; lastKnownFileType = sourcecode.c.objc; path = MasterViewController.m; sourceTree = "<group>"; };
		87CAFDBD2167968000BF56FA /* MasterViewController.xib */ = {isa = PBXFileReference; lastKnownFileType = file.xib; path = MasterViewController.xib; sourceTree = "<group>"; };
/* End PBXFileReference section */

/* Begin PBXFrameworksBuildPhase section */
		87CAFD9C2167931600BF56FA /* Frameworks */ = {
			isa = PBXFrameworksBuildPhase;
			buildActionMask = 2147483647;
			files = (
			);
			runOnlyForDeploymentPostprocessing = 0;
		};
/* End PBXFrameworksBuildPhase section */

/* Begin PBXGroup section */
		875BC228216F403E0056AB9B /* Model */ = {
			isa = PBXGroup;
			children = (
				875BC229216F40C80056AB9B /* NSObject+IntengineMovieData.h */,
				875BC22A216F40C80056AB9B /* NSObject+IntengineMovieData.m */,
				875BC22C216F441F0056AB9B /* NSObject+IntengineMovieDoc.h */,
				875BC22D216F441F0056AB9B /* NSObject+IntengineMovieDoc.m */,
			);
			path = Model;
			sourceTree = "<group>";
		};
		87CAFD962167931600BF56FA = {
			isa = PBXGroup;
			children = (
				87CAFDA12167931700BF56FA /* IntengineMovieDatabase */,
				87CAFDA02167931700BF56FA /* Products */,
			);
			sourceTree = "<group>";
		};
		87CAFDA02167931700BF56FA /* Products */ = {
			isa = PBXGroup;
			children = (
				87CAFD9F2167931700BF56FA /* IntengineMovieDatabase.app */,
			);
			name = Products;
			sourceTree = "<group>";
		};
		87CAFDA12167931700BF56FA /* IntengineMovieDatabase */ = {
			isa = PBXGroup;
			children = (
				875BC228216F403E0056AB9B /* Model */,
				87CAFDC021679F4C00BF56FA /* GUI */,
				87CAFDA82167931800BF56FA /* Assets.xcassets */,
				87CAFDAA2167931800BF56FA /* Main.storyboard */,
				87CAFDAD2167931800BF56FA /* Info.plist */,
				87CAFDAE2167931800BF56FA /* main.m */,
				87CAFDB02167931800BF56FA /* IntengineMovieDatabase.entitlements */,
			);
			path = IntengineMovieDatabase;
			sourceTree = "<group>";
		};
		87CAFDC021679F4C00BF56FA /* GUI */ = {
			isa = PBXGroup;
			children = (
				875BC235216F4F220056AB9B /* TaxiDriver.jpg */,
				875BC231216F4B620056AB9B /* TaxiDriverThumb.jpg */,
				875BC237216F4F2B0056AB9B /* TheGodfather.jpg */,
				875BC22F216F4B010056AB9B /* TheGodfatherThumb.jpg */,
				875BC239216F4F360056AB9B /* TreeOfLife.jpg */,
				875BC233216F4C180056AB9B /* TreeOfLifeThumb.jpg */,
				87CAFDA22167931700BF56FA /* AppDelegate.h */,
				87CAFDA32167931700BF56FA /* AppDelegate.m */,
				87CAFDBB2167968000BF56FA /* MasterViewController.h */,
				87CAFDBC2167968000BF56FA /* MasterViewController.m */,
				87CAFDBD2167968000BF56FA /* MasterViewController.xib */,
			);
			path = GUI;
			sourceTree = "<group>";
		};
/* End PBXGroup section */

/* Begin PBXNativeTarget section */
		87CAFD9E2167931600BF56FA /* IntengineMovieDatabase */ = {
			isa = PBXNativeTarget;
			buildConfigurationList = 87CAFDB32167931800BF56FA /* Build configuration list for PBXNativeTarget "IntengineMovieDatabase" */;
			buildPhases = (
				87CAFD9B2167931600BF56FA /* Sources */,
				87CAFD9C2167931600BF56FA /* Frameworks */,
				87CAFD9D2167931600BF56FA /* Resources */,
			);
			buildRules = (
			);
			dependencies = (
			);
			name = IntengineMovieDatabase;
			productName = IntengineMovieDatabase;
			productReference = 87CAFD9F2167931700BF56FA /* IntengineMovieDatabase.app */;
			productType = "com.apple.product-type.application";
		};
/* End PBXNativeTarget section */

/* Begin PBXProject section */
		87CAFD972167931600BF56FA /* Project object */ = {
			isa = PBXProject;
			attributes = {
				LastUpgradeCheck = 1000;
				ORGANIZATIONNAME = Intengine;
				TargetAttributes = {
					87CAFD9E2167931600BF56FA = {
						CreatedOnToolsVersion = 10.0;
					};
				};
			};
			buildConfigurationList = 87CAFD9A2167931600BF56FA /* Build configuration list for PBXProject "IntengineMovieDatabase" */;
			compatibilityVersion = "Xcode 9.3";
			developmentRegion = en;
			hasScannedForEncodings = 0;
			knownRegions = (
				en,
				Base,
			);
			mainGroup = 87CAFD962167931600BF56FA;
			productRefGroup = 87CAFDA02167931700BF56FA /* Products */;
			projectDirPath = "";
			projectRoot = "";
			targets = (
				87CAFD9E2167931600BF56FA /* IntengineMovieDatabase */,
			);
		};
/* End PBXProject section */

/* Begin PBXResourcesBuildPhase section */
		87CAFD9D2167931600BF56FA /* Resources */ = {
			isa = PBXResourcesBuildPhase;
			buildActionMask = 2147483647;
			files = (
				875BC236216F4F220056AB9B /* TaxiDriver.jpg in Resources */,
				875BC23A216F4F360056AB9B /* TreeOfLife.jpg in Resources */,
				87CAFDA92167931800BF56FA /* Assets.xcassets in Resources */,
				875BC230216F4B010056AB9B /* TheGodfatherThumb.jpg in Resources */,
				87CAFDAC2167931800BF56FA /* Main.storyboard in Resources */,
				875BC238216F4F2B0056AB9B /* TheGodfather.jpg in Resources */,
				87CAFDBF2167968000BF56FA /* MasterViewController.xib in Resources */,
				875BC234216F4C180056AB9B /* TreeOfLifeThumb.jpg in Resources */,
				875BC232216F4B620056AB9B /* TaxiDriverThumb.jpg in Resources */,
			);
			runOnlyForDeploymentPostprocessing = 0;
		};
/* End PBXResourcesBuildPhase section */

/* Begin PBXSourcesBuildPhase section */
		87CAFD9B2167931600BF56FA /* Sources */ = {
			isa = PBXSourcesBuildPhase;
			buildActionMask = 2147483647;
			files = (
				87CAFDBE2167968000BF56FA /* MasterViewController.m in Sources */,
				87CAFDAF2167931800BF56FA /* main.m in Sources */,
				875BC22E216F441F0056AB9B /* NSObject+IntengineMovieDoc.m in Sources */,
				875BC22B216F40C80056AB9B /* NSObject+IntengineMovieData.m in Sources */,
				87CAFDA42167931700BF56FA /* AppDelegate.m in Sources */,
			);
			runOnlyForDeploymentPostprocessing = 0;
		};
/* End PBXSourcesBuildPhase section */

/* Begin PBXVariantGroup section */
		87CAFDAA2167931800BF56FA /* Main.storyboard */ = {
			isa = PBXVariantGroup;
			children = (
				87CAFDAB2167931800BF56FA /* Base */,
			);
			name = Main.storyboard;
			sourceTree = "<group>";
		};
/* End PBXVariantGroup section */

/* Begin XCBuildConfiguration section */
		87CAFDB12167931800BF56FA /* Debug */ = {
			isa = XCBuildConfiguration;
			buildSettings = {
				ALWAYS_SEARCH_USER_PATHS = NO;
				CLANG_ANALYZER_NONNULL = YES;
				CLANG_ANALYZER_NUMBER_OBJECT_CONVERSION = YES_AGGRESSIVE;
				CLANG_CXX_LANGUAGE_STANDARD = "gnu++14";
				CLANG_CXX_LIBRARY = "libc++";
				CLANG_ENABLE_MODULES = YES;
				CLANG_ENABLE_OBJC_ARC = YES;
				CLANG_ENABLE_OBJC_WEAK = YES;
				CLANG_WARN_BLOCK_CAPTURE_AUTORELEASING = YES;
				CLANG_WARN_BOOL_CONVERSION = YES;
				CLANG_WARN_COMMA = YES;
				CLANG_WARN_CONSTANT_CONVERSION = YES;
				CLANG_WARN_DEPRECATED_OBJC_IMPLEMENTATIONS = YES;
				CLANG_WARN_DIRECT_OBJC_ISA_USAGE = YES_ERROR;
				CLANG_WARN_DOCUMENTATION_COMMENTS = YES;
				CLANG_WARN_EMPTY_BODY = YES;
				CLANG_WARN_ENUM_CONVERSION = YES;
				CLANG_WARN_INFINITE_RECURSION = YES;
				CLANG_WARN_INT_CONVERSION = YES;
				CLANG_WARN_NON_LITERAL_NULL_CONVERSION = YES;
				CLANG_WARN_OBJC_IMPLICIT_RETAIN_SELF = YES;
				CLANG_WARN_OBJC_LITERAL_CONVERSION = YES;
				CLANG_WARN_OBJC_ROOT_CLASS = YES_ERROR;
				CLANG_WARN_RANGE_LOOP_ANALYSIS = YES;
				CLANG_WARN_STRICT_PROTOTYPES = YES;
				CLANG_WARN_SUSPICIOUS_MOVE = YES;
				CLANG_WARN_UNGUARDED_AVAILABILITY = YES_AGGRESSIVE;
				CLANG_WARN_UNREACHABLE_CODE = YES;
				CLANG_WARN__DUPLICATE_METHOD_MATCH = YES;
				CODE_SIGN_IDENTITY = "Mac Developer";
				COPY_PHASE_STRIP = NO;
				DEBUG_INFORMATION_FORMAT = dwarf;
				ENABLE_STRICT_OBJC_MSGSEND = YES;
				ENABLE_TESTABILITY = YES;
				GCC_C_LANGUAGE_STANDARD = gnu11;
				GCC_DYNAMIC_NO_PIC = NO;
				GCC_NO_COMMON_BLOCKS = YES;
				GCC_OPTIMIZATION_LEVEL = 0;
				GCC_PREPROCESSOR_DEFINITIONS = (
					"DEBUG=1",
					"$(inherited)",
				);
				GCC_WARN_64_TO_32_BIT_CONVERSION = YES;
				GCC_WARN_ABOUT_RETURN_TYPE = YES_ERROR;
				GCC_WARN_UNDECLARED_SELECTOR = YES;
				GCC_WARN_UNINITIALIZED_AUTOS = YES_AGGRESSIVE;
				GCC_WARN_UNUSED_FUNCTION = YES;
				GCC_WARN_UNUSED_VARIABLE = YES;
				MACOSX_DEPLOYMENT_TARGET = 10.14;
				MTL_ENABLE_DEBUG_INFO = INCLUDE_SOURCE;
				MTL_FAST_MATH = YES;
				ONLY_ACTIVE_ARCH = YES;
				SDKROOT = macosx;
			};
			name = Debug;
		};
		87CAFDB22167931800BF56FA /* Release */ = {
			isa = XCBuildConfiguration;
			buildSettings = {
				ALWAYS_SEARCH_USER_PATHS = NO;
				CLANG_ANALYZER_NONNULL = YES;
				CLANG_ANALYZER_NUMBER_OBJECT_CONVERSION = YES_AGGRESSIVE;
				CLANG_CXX_LANGUAGE_STANDARD = "gnu++14";
				CLANG_CXX_LIBRARY = "libc++";
				CLANG_ENABLE_MODULES = YES;
				CLANG_ENABLE_OBJC_ARC = YES;
				CLANG_ENABLE_OBJC_WEAK = YES;
				CLANG_WARN_BLOCK_CAPTURE_AUTORELEASING = YES;
				CLANG_WARN_BOOL_CONVERSION = YES;
				CLANG_WARN_COMMA = YES;
				CLANG_WARN_CONSTANT_CONVERSION = YES;
				CLANG_WARN_DEPRECATED_OBJC_IMPLEMENTATIONS = YES;
				CLANG_WARN_DIRECT_OBJC_ISA_USAGE = YES_ERROR;
				CLANG_WARN_DOCUMENTATION_COMMENTS = YES;
				CLANG_WARN_EMPTY_BODY = YES;
				CLANG_WARN_ENUM_CONVERSION = YES;
				CLANG_WARN_INFINITE_RECURSION = YES;
				CLANG_WARN_INT_CONVERSION = YES;
				CLANG_WARN_NON_LITERAL_NULL_CONVERSION = YES;
				CLANG_WARN_OBJC_IMPLICIT_RETAIN_SELF = YES;
				CLANG_WARN_OBJC_LITERAL_CONVERSION = YES;
				CLANG_WARN_OBJC_ROOT_CLASS = YES_ERROR;
				CLANG_WARN_RANGE_LOOP_ANALYSIS = YES;
				CLANG_WARN_STRICT_PROTOTYPES = YES;
				CLANG_WARN_SUSPICIOUS_MOVE = YES;
				CLANG_WARN_UNGUARDED_AVAILABILITY = YES_AGGRESSIVE;
				CLANG_WARN_UNREACHABLE_CODE = YES;
				CLANG_WARN__DUPLICATE_METHOD_MATCH = YES;
				CODE_SIGN_IDENTITY = "Mac Developer";
				COPY_PHASE_STRIP = NO;
				DEBUG_INFORMATION_FORMAT = "dwarf-with-dsym";
				ENABLE_NS_ASSERTIONS = NO;
				ENABLE_STRICT_OBJC_MSGSEND = YES;
				GCC_C_LANGUAGE_STANDARD = gnu11;
				GCC_NO_COMMON_BLOCKS = YES;
				GCC_WARN_64_TO_32_BIT_CONVERSION = YES;
				GCC_WARN_ABOUT_RETURN_TYPE = YES_ERROR;
				GCC_WARN_UNDECLARED_SELECTOR = YES;
				GCC_WARN_UNINITIALIZED_AUTOS = YES_AGGRESSIVE;
				GCC_WARN_UNUSED_FUNCTION = YES;
				GCC_WARN_UNUSED_VARIABLE = YES;
				MACOSX_DEPLOYMENT_TARGET = 10.14;
				MTL_ENABLE_DEBUG_INFO = NO;
				MTL_FAST_MATH = YES;
				SDKROOT = macosx;
			};
			name = Release;
		};
		87CAFDB42167931800BF56FA /* Debug */ = {
			isa = XCBuildConfiguration;
			buildSettings = {
				ASSETCATALOG_COMPILER_APPICON_NAME = AppIcon;
				CODE_SIGN_ENTITLEMENTS = IntengineMovieDatabase/IntengineMovieDatabase.entitlements;
				CODE_SIGN_STYLE = Automatic;
				COMBINE_HIDPI_IMAGES = YES;
				DEVELOPMENT_TEAM = 4G34X2F73N;
				INFOPLIST_FILE = IntengineMovieDatabase/Info.plist;
				LD_RUNPATH_SEARCH_PATHS = (
					"$(inherited)",
					"@executable_path/../Frameworks",
				);
				PRODUCT_BUNDLE_IDENTIFIER = INT.IntengineMovieDatabase;
				PRODUCT_NAME = "$(TARGET_NAME)";
			};
			name = Debug;
		};
		87CAFDB52167931800BF56FA /* Release */ = {
			isa = XCBuildConfiguration;
			buildSettings = {
				ASSETCATALOG_COMPILER_APPICON_NAME = AppIcon;
				CODE_SIGN_ENTITLEMENTS = IntengineMovieDatabase/IntengineMovieDatabase.entitlements;
				CODE_SIGN_STYLE = Automatic;
				COMBINE_HIDPI_IMAGES = YES;
				DEVELOPMENT_TEAM = 4G34X2F73N;
				INFOPLIST_FILE = IntengineMovieDatabase/Info.plist;
				LD_RUNPATH_SEARCH_PATHS = (
					"$(inherited)",
					"@executable_path/../Frameworks",
				);
				PRODUCT_BUNDLE_IDENTIFIER = INT.IntengineMovieDatabase;
				PRODUCT_NAME = "$(TARGET_NAME)";
			};
			name = Release;
		};
/* End XCBuildConfiguration section */

/* Begin XCConfigurationList section */
		87CAFD9A2167931600BF56FA /* Build configuration list for PBXProject "IntengineMovieDatabase" */ = {
			isa = XCConfigurationList;
			buildConfigurations = (
				87CAFDB12167931800BF56FA /* Debug */,
				87CAFDB22167931800BF56FA /* Release */,
			);
			defaultConfigurationIsVisible = 0;
			defaultConfigurationName = Release;
		};
		87CAFDB32167931800BF56FA /* Build configuration list for PBXNativeTarget "IntengineMovieDatabase" */ = {
			isa = XCConfigurationList;
			buildConfigurations = (
				87CAFDB42167931800BF56FA /* Debug */,
				87CAFDB52167931800BF56FA /* Release */,
			);
			defaultConfigurationIsVisible = 0;
			defaultConfigurationName = Release;
		};
/* End XCConfigurationList section */
	};
	rootObject = 87CAFD972167931600BF56FA /* Project object */;
}
